// !$*UTF8*$!
{
	archiveVersion = 1;
	classes = {
	};
	objectVersion = 56;
	objects = {

/* Begin PBXBuildFile section */
		B23C35612AFEAAF90059753A /* KeanuAuthRequest.swift in Sources */ = {isa = PBXBuildFile; fileRef = B23C35602AFEAAF90059753A /* KeanuAuthRequest.swift */; };
		B23C35642AFEC3D30059753A /* SwiftDataProvider.swift in Sources */ = {isa = PBXBuildFile; fileRef = B23C35632AFEC3D30059753A /* SwiftDataProvider.swift */; };
		B23C35662B0144FD0059753A /* Color.swift in Sources */ = {isa = PBXBuildFile; fileRef = B23C35652B0144FD0059753A /* Color.swift */; };
		B23C35682B01453A0059753A /* Font.swift in Sources */ = {isa = PBXBuildFile; fileRef = B23C35672B01453A0059753A /* Font.swift */; };
		B23C35722B0148B20059753A /* ShowError.swift in Sources */ = {isa = PBXBuildFile; fileRef = B23C35712B0148B20059753A /* ShowError.swift */; };
		B23C35762B014CC60059753A /* BasicButtonStyle.swift in Sources */ = {isa = PBXBuildFile; fileRef = B23C35752B014CC60059753A /* BasicButtonStyle.swift */; };
		B23C35792B014DF00059753A /* RoundedBorderedImageModifier.swift in Sources */ = {isa = PBXBuildFile; fileRef = B23C35782B014DF00059753A /* RoundedBorderedImageModifier.swift */; };
		B23C357B2B0152C10059753A /* Gotham-Bold.ttf in Resources */ = {isa = PBXBuildFile; fileRef = B23C356D2B0145AF0059753A /* Gotham-Bold.ttf */; };
		B23C357C2B0152C40059753A /* Gotham-Book.ttf in Resources */ = {isa = PBXBuildFile; fileRef = B23C356C2B0145AF0059753A /* Gotham-Book.ttf */; };
		B23C357D2B0152C70059753A /* Gotham-Medium.ttf in Resources */ = {isa = PBXBuildFile; fileRef = B23C356E2B0145AF0059753A /* Gotham-Medium.ttf */; };
		B23C357E2B0152C70059753A /* Gotham-BookItalic.ttf in Resources */ = {isa = PBXBuildFile; fileRef = B23C356B2B0145AF0059753A /* Gotham-BookItalic.ttf */; };
		B23C35802B0153610059753A /* NavArrow.swift in Sources */ = {isa = PBXBuildFile; fileRef = B23C357F2B0153610059753A /* NavArrow.swift */; };
		B23C35842B0158560059753A /* HomeTitleStack.swift in Sources */ = {isa = PBXBuildFile; fileRef = B23C35832B0158560059753A /* HomeTitleStack.swift */; };
		B23C35862B015BCA0059753A /* UserSubscription.swift in Sources */ = {isa = PBXBuildFile; fileRef = B23C35852B015BCA0059753A /* UserSubscription.swift */; };
		B23C358A2B015E1A0059753A /* UserSubscriptionResponse.swift in Sources */ = {isa = PBXBuildFile; fileRef = B23C35892B015E1A0059753A /* UserSubscriptionResponse.swift */; };
		B2AB34FF2AFD928A00945A1F /* NetworkingService.swift in Sources */ = {isa = PBXBuildFile; fileRef = B2AB34FE2AFD928A00945A1F /* NetworkingService.swift */; };
		B2AB35042AFD97E100945A1F /* UserAGModel.swift in Sources */ = {isa = PBXBuildFile; fileRef = B2AB35032AFD97E100945A1F /* UserAGModel.swift */; };
		B2AB350D2AFDBC4400945A1F /* Encodable.swift in Sources */ = {isa = PBXBuildFile; fileRef = B2AB350C2AFDBC4400945A1F /* Encodable.swift */; };
		B2AB350F2AFDC6F300945A1F /* URL.swift in Sources */ = {isa = PBXBuildFile; fileRef = B2AB350E2AFDC6F200945A1F /* URL.swift */; };
		B2F61A472AEB677D00A982B6 /* TCAPasskitApp.swift in Sources */ = {isa = PBXBuildFile; fileRef = B2F61A462AEB677D00A982B6 /* TCAPasskitApp.swift */; };
		B2F61A4B2AEB677F00A982B6 /* Assets.xcassets in Resources */ = {isa = PBXBuildFile; fileRef = B2F61A4A2AEB677F00A982B6 /* Assets.xcassets */; };
		B2F61A552AEB693200A982B6 /* HomeScreen.swift in Sources */ = {isa = PBXBuildFile; fileRef = B2F61A542AEB693200A982B6 /* HomeScreen.swift */; };
		B2F61A702AEB75FF00A982B6 /* LoginScreen.swift in Sources */ = {isa = PBXBuildFile; fileRef = B2F61A6F2AEB75FF00A982B6 /* LoginScreen.swift */; };
		B2F61A722AEB7A7D00A982B6 /* MasterView.swift in Sources */ = {isa = PBXBuildFile; fileRef = B2F61A712AEB7A7D00A982B6 /* MasterView.swift */; };
		B2F61A742AEB849500A982B6 /* Router.swift in Sources */ = {isa = PBXBuildFile; fileRef = B2F61A732AEB849500A982B6 /* Router.swift */; };
		B2F61A792AEB878500A982B6 /* User.swift in Sources */ = {isa = PBXBuildFile; fileRef = B2F61A782AEB878500A982B6 /* User.swift */; };
		B2F61A7C2AEB8BFB00A982B6 /* Date.swift in Sources */ = {isa = PBXBuildFile; fileRef = B2F61A7B2AEB8BFB00A982B6 /* Date.swift */; };
		B2F61A852AEC16E600A982B6 /* FirebaseAnalytics in Frameworks */ = {isa = PBXBuildFile; productRef = B2F61A842AEC16E600A982B6 /* FirebaseAnalytics */; };
		B2F61A872AEC16E600A982B6 /* FirebaseAnalyticsOnDeviceConversion in Frameworks */ = {isa = PBXBuildFile; productRef = B2F61A862AEC16E600A982B6 /* FirebaseAnalyticsOnDeviceConversion */; };
		B2F61A892AEC16E600A982B6 /* FirebaseAnalyticsSwift in Frameworks */ = {isa = PBXBuildFile; productRef = B2F61A882AEC16E600A982B6 /* FirebaseAnalyticsSwift */; };
		B2F61A8B2AEC16E600A982B6 /* FirebaseAnalyticsWithoutAdIdSupport in Frameworks */ = {isa = PBXBuildFile; productRef = B2F61A8A2AEC16E600A982B6 /* FirebaseAnalyticsWithoutAdIdSupport */; };
		B2F61A8D2AEC16E600A982B6 /* FirebaseAppCheck in Frameworks */ = {isa = PBXBuildFile; productRef = B2F61A8C2AEC16E600A982B6 /* FirebaseAppCheck */; };
		B2F61A8F2AEC16E600A982B6 /* FirebaseAppDistribution-Beta in Frameworks */ = {isa = PBXBuildFile; productRef = B2F61A8E2AEC16E600A982B6 /* FirebaseAppDistribution-Beta */; };
		B2F61A912AEC16E600A982B6 /* FirebaseAuth in Frameworks */ = {isa = PBXBuildFile; productRef = B2F61A902AEC16E600A982B6 /* FirebaseAuth */; };
		B2F61A932AEC16E600A982B6 /* FirebaseAuthCombine-Community in Frameworks */ = {isa = PBXBuildFile; productRef = B2F61A922AEC16E600A982B6 /* FirebaseAuthCombine-Community */; };
		B2F61A952AEC16E600A982B6 /* FirebaseCrashlytics in Frameworks */ = {isa = PBXBuildFile; productRef = B2F61A942AEC16E600A982B6 /* FirebaseCrashlytics */; };
		B2F61A972AEC16E600A982B6 /* FirebaseDatabase in Frameworks */ = {isa = PBXBuildFile; productRef = B2F61A962AEC16E600A982B6 /* FirebaseDatabase */; };
		B2F61A992AEC16E600A982B6 /* FirebaseDatabaseSwift in Frameworks */ = {isa = PBXBuildFile; productRef = B2F61A982AEC16E600A982B6 /* FirebaseDatabaseSwift */; };
		B2F61A9B2AEC16E600A982B6 /* FirebaseDynamicLinks in Frameworks */ = {isa = PBXBuildFile; productRef = B2F61A9A2AEC16E600A982B6 /* FirebaseDynamicLinks */; };
		B2F61A9D2AEC16E600A982B6 /* FirebaseFirestore in Frameworks */ = {isa = PBXBuildFile; productRef = B2F61A9C2AEC16E600A982B6 /* FirebaseFirestore */; };
		B2F61A9F2AEC16E600A982B6 /* FirebaseFirestoreCombine-Community in Frameworks */ = {isa = PBXBuildFile; productRef = B2F61A9E2AEC16E600A982B6 /* FirebaseFirestoreCombine-Community */; };
		B2F61AA12AEC16E600A982B6 /* FirebaseFirestoreSwift in Frameworks */ = {isa = PBXBuildFile; productRef = B2F61AA02AEC16E600A982B6 /* FirebaseFirestoreSwift */; };
		B2F61AA32AEC16E600A982B6 /* FirebaseFunctions in Frameworks */ = {isa = PBXBuildFile; productRef = B2F61AA22AEC16E600A982B6 /* FirebaseFunctions */; };
		B2F61AA72AEC18ED00A982B6 /* GoogleService-Info.plist in Resources */ = {isa = PBXBuildFile; fileRef = B2F61AA62AEC18ED00A982B6 /* GoogleService-Info.plist */; };
		B2F61AAB2AEC2C9100A982B6 /* KeanuAuth.swift in Sources */ = {isa = PBXBuildFile; fileRef = B2F61AAA2AEC2C9100A982B6 /* KeanuAuth.swift */; };
/* End PBXBuildFile section */

/* Begin PBXFileReference section */
		B23C35602AFEAAF90059753A /* KeanuAuthRequest.swift */ = {isa = PBXFileReference; lastKnownFileType = sourcecode.swift; path = KeanuAuthRequest.swift; sourceTree = "<group>"; };
		B23C35632AFEC3D30059753A /* SwiftDataProvider.swift */ = {isa = PBXFileReference; lastKnownFileType = sourcecode.swift; path = SwiftDataProvider.swift; sourceTree = "<group>"; };
		B23C35652B0144FD0059753A /* Color.swift */ = {isa = PBXFileReference; lastKnownFileType = sourcecode.swift; path = Color.swift; sourceTree = "<group>"; };
		B23C35672B01453A0059753A /* Font.swift */ = {isa = PBXFileReference; lastKnownFileType = sourcecode.swift; path = Font.swift; sourceTree = "<group>"; };
		B23C356B2B0145AF0059753A /* Gotham-BookItalic.ttf */ = {isa = PBXFileReference; lastKnownFileType = file; path = "Gotham-BookItalic.ttf"; sourceTree = "<group>"; };
		B23C356C2B0145AF0059753A /* Gotham-Book.ttf */ = {isa = PBXFileReference; lastKnownFileType = file; path = "Gotham-Book.ttf"; sourceTree = "<group>"; };
		B23C356D2B0145AF0059753A /* Gotham-Bold.ttf */ = {isa = PBXFileReference; lastKnownFileType = file; path = "Gotham-Bold.ttf"; sourceTree = "<group>"; };
		B23C356E2B0145AF0059753A /* Gotham-Medium.ttf */ = {isa = PBXFileReference; lastKnownFileType = file; path = "Gotham-Medium.ttf"; sourceTree = "<group>"; };
		B23C35712B0148B20059753A /* ShowError.swift */ = {isa = PBXFileReference; lastKnownFileType = sourcecode.swift; path = ShowError.swift; sourceTree = "<group>"; };
		B23C35752B014CC60059753A /* BasicButtonStyle.swift */ = {isa = PBXFileReference; lastKnownFileType = sourcecode.swift; path = BasicButtonStyle.swift; sourceTree = "<group>"; };
		B23C35782B014DF00059753A /* RoundedBorderedImageModifier.swift */ = {isa = PBXFileReference; lastKnownFileType = sourcecode.swift; path = RoundedBorderedImageModifier.swift; sourceTree = "<group>"; };
		B23C357A2B0150D40059753A /* Info.plist */ = {isa = PBXFileReference; lastKnownFileType = text.plist; path = Info.plist; sourceTree = "<group>"; };
		B23C357F2B0153610059753A /* NavArrow.swift */ = {isa = PBXFileReference; lastKnownFileType = sourcecode.swift; path = NavArrow.swift; sourceTree = "<group>"; };
		B23C35832B0158560059753A /* HomeTitleStack.swift */ = {isa = PBXFileReference; lastKnownFileType = sourcecode.swift; path = HomeTitleStack.swift; sourceTree = "<group>"; };
		B23C35852B015BCA0059753A /* UserSubscription.swift */ = {isa = PBXFileReference; lastKnownFileType = sourcecode.swift; path = UserSubscription.swift; sourceTree = "<group>"; };
		B23C35892B015E1A0059753A /* UserSubscriptionResponse.swift */ = {isa = PBXFileReference; lastKnownFileType = sourcecode.swift; path = UserSubscriptionResponse.swift; sourceTree = "<group>"; };
		B2AB34FE2AFD928A00945A1F /* NetworkingService.swift */ = {isa = PBXFileReference; lastKnownFileType = sourcecode.swift; path = NetworkingService.swift; sourceTree = "<group>"; };
		B2AB35032AFD97E100945A1F /* UserAGModel.swift */ = {isa = PBXFileReference; lastKnownFileType = sourcecode.swift; path = UserAGModel.swift; sourceTree = "<group>"; };
		B2AB350C2AFDBC4400945A1F /* Encodable.swift */ = {isa = PBXFileReference; lastKnownFileType = sourcecode.swift; path = Encodable.swift; sourceTree = "<group>"; };
		B2AB350E2AFDC6F200945A1F /* URL.swift */ = {isa = PBXFileReference; lastKnownFileType = sourcecode.swift; path = URL.swift; sourceTree = "<group>"; };
		B2F61A432AEB677D00A982B6 /* TCAPasskit.app */ = {isa = PBXFileReference; explicitFileType = wrapper.application; includeInIndex = 0; path = TCAPasskit.app; sourceTree = BUILT_PRODUCTS_DIR; };
		B2F61A462AEB677D00A982B6 /* TCAPasskitApp.swift */ = {isa = PBXFileReference; lastKnownFileType = sourcecode.swift; path = TCAPasskitApp.swift; sourceTree = "<group>"; };
		B2F61A4A2AEB677F00A982B6 /* Assets.xcassets */ = {isa = PBXFileReference; lastKnownFileType = folder.assetcatalog; path = Assets.xcassets; sourceTree = "<group>"; };
		B2F61A542AEB693200A982B6 /* HomeScreen.swift */ = {isa = PBXFileReference; lastKnownFileType = sourcecode.swift; path = HomeScreen.swift; sourceTree = "<group>"; };
		B2F61A6F2AEB75FF00A982B6 /* LoginScreen.swift */ = {isa = PBXFileReference; lastKnownFileType = sourcecode.swift; path = LoginScreen.swift; sourceTree = "<group>"; };
		B2F61A712AEB7A7D00A982B6 /* MasterView.swift */ = {isa = PBXFileReference; lastKnownFileType = sourcecode.swift; path = MasterView.swift; sourceTree = "<group>"; };
		B2F61A732AEB849500A982B6 /* Router.swift */ = {isa = PBXFileReference; lastKnownFileType = sourcecode.swift; path = Router.swift; sourceTree = "<group>"; };
		B2F61A782AEB878500A982B6 /* User.swift */ = {isa = PBXFileReference; lastKnownFileType = sourcecode.swift; path = User.swift; sourceTree = "<group>"; };
		B2F61A7B2AEB8BFB00A982B6 /* Date.swift */ = {isa = PBXFileReference; lastKnownFileType = sourcecode.swift; path = Date.swift; sourceTree = "<group>"; };
		B2F61AA62AEC18ED00A982B6 /* GoogleService-Info.plist */ = {isa = PBXFileReference; fileEncoding = 4; lastKnownFileType = text.plist.xml; path = "GoogleService-Info.plist"; sourceTree = "<group>"; };
		B2F61AAA2AEC2C9100A982B6 /* KeanuAuth.swift */ = {isa = PBXFileReference; lastKnownFileType = sourcecode.swift; path = KeanuAuth.swift; sourceTree = "<group>"; };
/* End PBXFileReference section */

/* Begin PBXFrameworksBuildPhase section */
		B2F61A402AEB677D00A982B6 /* Frameworks */ = {
			isa = PBXFrameworksBuildPhase;
			buildActionMask = 2147483647;
			files = (
				B2F61A972AEC16E600A982B6 /* FirebaseDatabase in Frameworks */,
				B2F61A9D2AEC16E600A982B6 /* FirebaseFirestore in Frameworks */,
				B2F61A892AEC16E600A982B6 /* FirebaseAnalyticsSwift in Frameworks */,
				B2F61A852AEC16E600A982B6 /* FirebaseAnalytics in Frameworks */,
				B2F61A872AEC16E600A982B6 /* FirebaseAnalyticsOnDeviceConversion in Frameworks */,
				B2F61AA12AEC16E600A982B6 /* FirebaseFirestoreSwift in Frameworks */,
				B2F61A8D2AEC16E600A982B6 /* FirebaseAppCheck in Frameworks */,
				B2F61A8B2AEC16E600A982B6 /* FirebaseAnalyticsWithoutAdIdSupport in Frameworks */,
				B2F61A912AEC16E600A982B6 /* FirebaseAuth in Frameworks */,
				B2F61A952AEC16E600A982B6 /* FirebaseCrashlytics in Frameworks */,
				B2F61A992AEC16E600A982B6 /* FirebaseDatabaseSwift in Frameworks */,
				B2F61AA32AEC16E600A982B6 /* FirebaseFunctions in Frameworks */,
				B2F61A8F2AEC16E600A982B6 /* FirebaseAppDistribution-Beta in Frameworks */,
				B2F61A932AEC16E600A982B6 /* FirebaseAuthCombine-Community in Frameworks */,
				B2F61A9B2AEC16E600A982B6 /* FirebaseDynamicLinks in Frameworks */,
				B2F61A9F2AEC16E600A982B6 /* FirebaseFirestoreCombine-Community in Frameworks */,
			);
			runOnlyForDeploymentPostprocessing = 0;
		};
/* End PBXFrameworksBuildPhase section */

/* Begin PBXGroup section */
		B23C35622AFEC3C30059753A /* SwiftData */ = {
			isa = PBXGroup;
			children = (
				B23C35632AFEC3D30059753A /* SwiftDataProvider.swift */,
			);
			path = SwiftData;
			sourceTree = "<group>";
		};
		B23C35692B01456A0059753A /* SupportingFiles */ = {
			isa = PBXGroup;
			children = (
				B23C356A2B0145960059753A /* Fonts */,
				B2F61A4A2AEB677F00A982B6 /* Assets.xcassets */,
			);
			path = SupportingFiles;
			sourceTree = "<group>";
		};
		B23C356A2B0145960059753A /* Fonts */ = {
			isa = PBXGroup;
			children = (
				B23C356D2B0145AF0059753A /* Gotham-Bold.ttf */,
				B23C356C2B0145AF0059753A /* Gotham-Book.ttf */,
				B23C356B2B0145AF0059753A /* Gotham-BookItalic.ttf */,
				B23C356E2B0145AF0059753A /* Gotham-Medium.ttf */,
			);
			path = Fonts;
			sourceTree = "<group>";
		};
		B23C356F2B0146BF0059753A /* Screens */ = {
			isa = PBXGroup;
			children = (
				B2F61A6F2AEB75FF00A982B6 /* LoginScreen.swift */,
				B2F61A542AEB693200A982B6 /* HomeScreen.swift */,
			);
			path = Screens;
			sourceTree = "<group>";
		};
		B23C35702B0148850059753A /* ErrorHandling */ = {
			isa = PBXGroup;
			children = (
				B23C35712B0148B20059753A /* ShowError.swift */,
			);
			path = ErrorHandling;
			sourceTree = "<group>";
		};
		B23C35732B014CB00059753A /* Styles */ = {
			isa = PBXGroup;
			children = (
				B23C35742B014CB50059753A /* Button */,
			);
			path = Styles;
			sourceTree = "<group>";
		};
		B23C35742B014CB50059753A /* Button */ = {
			isa = PBXGroup;
			children = (
				B23C35752B014CC60059753A /* BasicButtonStyle.swift */,
			);
			path = Button;
			sourceTree = "<group>";
		};
		B23C35772B014DCE0059753A /* ViewModifiers */ = {
			isa = PBXGroup;
			children = (
				B23C35782B014DF00059753A /* RoundedBorderedImageModifier.swift */,
			);
			path = ViewModifiers;
			sourceTree = "<group>";
		};
		B23C35812B0157D30059753A /* Home */ = {
			isa = PBXGroup;
			children = (
				B23C35832B0158560059753A /* HomeTitleStack.swift */,
			);
			path = Home;
			sourceTree = "<group>";
		};
		B23C35822B0157DD0059753A /* Universal */ = {
			isa = PBXGroup;
			children = (
				B23C357F2B0153610059753A /* NavArrow.swift */,
			);
			path = Universal;
			sourceTree = "<group>";
		};
		B23C35872B015DD30059753A /* Networking */ = {
			isa = PBXGroup;
			children = (
				B23C35882B015E0A0059753A /* ResponseModels */,
				B2AB35062AFD9D1C00945A1F /* RequestModels */,
				B2AB34FE2AFD928A00945A1F /* NetworkingService.swift */,
			);
			path = Networking;
			sourceTree = "<group>";
		};
		B23C35882B015E0A0059753A /* ResponseModels */ = {
			isa = PBXGroup;
			children = (
				B23C35892B015E1A0059753A /* UserSubscriptionResponse.swift */,
			);
			path = ResponseModels;
			sourceTree = "<group>";
		};
		B2AB35022AFD978F00945A1F /* AggregateModels */ = {
			isa = PBXGroup;
			children = (
				B2AB35032AFD97E100945A1F /* UserAGModel.swift */,
			);
			path = AggregateModels;
			sourceTree = "<group>";
		};
		B2AB35062AFD9D1C00945A1F /* RequestModels */ = {
			isa = PBXGroup;
			children = (
				B23C35602AFEAAF90059753A /* KeanuAuthRequest.swift */,
			);
			path = RequestModels;
			sourceTree = "<group>";
		};
		B2F61A3A2AEB677D00A982B6 = {
			isa = PBXGroup;
			children = (
				B2F61A452AEB677D00A982B6 /* TCAPasskit */,
				B2F61A442AEB677D00A982B6 /* Products */,
			);
			sourceTree = "<group>";
		};
		B2F61A442AEB677D00A982B6 /* Products */ = {
			isa = PBXGroup;
			children = (
				B2F61A432AEB677D00A982B6 /* TCAPasskit.app */,
			);
			name = Products;
			sourceTree = "<group>";
		};
		B2F61A452AEB677D00A982B6 /* TCAPasskit */ = {
			isa = PBXGroup;
			children = (
				B23C35872B015DD30059753A /* Networking */,
				B23C357A2B0150D40059753A /* Info.plist */,
				B23C35772B014DCE0059753A /* ViewModifiers */,
				B23C35732B014CB00059753A /* Styles */,
				B23C35702B0148850059753A /* ErrorHandling */,
				B23C35622AFEC3C30059753A /* SwiftData */,
				B2AB35022AFD978F00945A1F /* AggregateModels */,
				B2F61A7A2AEB8BF000A982B6 /* Extensions */,
				B2F61A772AEB873200A982B6 /* Models */,
				B2F61A462AEB677D00A982B6 /* TCAPasskitApp.swift */,
				B2F61A762AEB86E500A982B6 /* Navigation */,
				B23C356F2B0146BF0059753A /* Screens */,
				B2F61A752AEB86C000A982B6 /* Views */,
				B23C35692B01456A0059753A /* SupportingFiles */,
				B2F61AA62AEC18ED00A982B6 /* GoogleService-Info.plist */,
			);
			path = TCAPasskit;
			sourceTree = "<group>";
		};
		B2F61A752AEB86C000A982B6 /* Views */ = {
			isa = PBXGroup;
			children = (
				B23C35822B0157DD0059753A /* Universal */,
				B23C35812B0157D30059753A /* Home */,
				B2F61A712AEB7A7D00A982B6 /* MasterView.swift */,
			);
			path = Views;
			sourceTree = "<group>";
		};
		B2F61A762AEB86E500A982B6 /* Navigation */ = {
			isa = PBXGroup;
			children = (
				B2F61A732AEB849500A982B6 /* Router.swift */,
			);
			path = Navigation;
			sourceTree = "<group>";
		};
		B2F61A772AEB873200A982B6 /* Models */ = {
			isa = PBXGroup;
			children = (
				B2F61A782AEB878500A982B6 /* User.swift */,
				B2F61AAA2AEC2C9100A982B6 /* KeanuAuth.swift */,
				B23C35852B015BCA0059753A /* UserSubscription.swift */,
			);
			path = Models;
			sourceTree = "<group>";
		};
		B2F61A7A2AEB8BF000A982B6 /* Extensions */ = {
			isa = PBXGroup;
			children = (
				B2F61A7B2AEB8BFB00A982B6 /* Date.swift */,
				B2AB350C2AFDBC4400945A1F /* Encodable.swift */,
				B2AB350E2AFDC6F200945A1F /* URL.swift */,
				B23C35652B0144FD0059753A /* Color.swift */,
				B23C35672B01453A0059753A /* Font.swift */,
			);
			path = Extensions;
			sourceTree = "<group>";
		};
/* End PBXGroup section */

/* Begin PBXNativeTarget section */
		B2F61A422AEB677D00A982B6 /* TCAPasskit */ = {
			isa = PBXNativeTarget;
			buildConfigurationList = B2F61A512AEB677F00A982B6 /* Build configuration list for PBXNativeTarget "TCAPasskit" */;
			buildPhases = (
				B2F61A3F2AEB677D00A982B6 /* Sources */,
				B2F61A402AEB677D00A982B6 /* Frameworks */,
				B2F61A412AEB677D00A982B6 /* Resources */,
			);
			buildRules = (
			);
			dependencies = (
			);
			name = TCAPasskit;
			packageProductDependencies = (
				B2F61A842AEC16E600A982B6 /* FirebaseAnalytics */,
				B2F61A862AEC16E600A982B6 /* FirebaseAnalyticsOnDeviceConversion */,
				B2F61A882AEC16E600A982B6 /* FirebaseAnalyticsSwift */,
				B2F61A8A2AEC16E600A982B6 /* FirebaseAnalyticsWithoutAdIdSupport */,
				B2F61A8C2AEC16E600A982B6 /* FirebaseAppCheck */,
				B2F61A8E2AEC16E600A982B6 /* FirebaseAppDistribution-Beta */,
				B2F61A902AEC16E600A982B6 /* FirebaseAuth */,
				B2F61A922AEC16E600A982B6 /* FirebaseAuthCombine-Community */,
				B2F61A942AEC16E600A982B6 /* FirebaseCrashlytics */,
				B2F61A962AEC16E600A982B6 /* FirebaseDatabase */,
				B2F61A982AEC16E600A982B6 /* FirebaseDatabaseSwift */,
				B2F61A9A2AEC16E600A982B6 /* FirebaseDynamicLinks */,
				B2F61A9C2AEC16E600A982B6 /* FirebaseFirestore */,
				B2F61A9E2AEC16E600A982B6 /* FirebaseFirestoreCombine-Community */,
				B2F61AA02AEC16E600A982B6 /* FirebaseFirestoreSwift */,
				B2F61AA22AEC16E600A982B6 /* FirebaseFunctions */,
			);
			productName = TCAPasskit;
			productReference = B2F61A432AEB677D00A982B6 /* TCAPasskit.app */;
			productType = "com.apple.product-type.application";
		};
/* End PBXNativeTarget section */

/* Begin PBXProject section */
		B2F61A3B2AEB677D00A982B6 /* Project object */ = {
			isa = PBXProject;
			attributes = {
				BuildIndependentTargetsInParallel = 1;
				LastSwiftUpdateCheck = 1500;
				LastUpgradeCheck = 1500;
				TargetAttributes = {
					B2F61A422AEB677D00A982B6 = {
						CreatedOnToolsVersion = 15.0;
					};
				};
			};
			buildConfigurationList = B2F61A3E2AEB677D00A982B6 /* Build configuration list for PBXProject "TCAPasskit" */;
			compatibilityVersion = "Xcode 14.0";
			developmentRegion = en;
			hasScannedForEncodings = 0;
			knownRegions = (
				en,
				Base,
			);
			mainGroup = B2F61A3A2AEB677D00A982B6;
			packageReferences = (
				B2F61A832AEC16E600A982B6 /* XCRemoteSwiftPackageReference "firebase-ios-sdk" */,
			);
			productRefGroup = B2F61A442AEB677D00A982B6 /* Products */;
			projectDirPath = "";
			projectRoot = "";
			targets = (
				B2F61A422AEB677D00A982B6 /* TCAPasskit */,
			);
		};
/* End PBXProject section */

/* Begin PBXResourcesBuildPhase section */
		B2F61A412AEB677D00A982B6 /* Resources */ = {
			isa = PBXResourcesBuildPhase;
			buildActionMask = 2147483647;
			files = (
				B23C357B2B0152C10059753A /* Gotham-Bold.ttf in Resources */,
				B2F61A4B2AEB677F00A982B6 /* Assets.xcassets in Resources */,
				B2F61AA72AEC18ED00A982B6 /* GoogleService-Info.plist in Resources */,
				B23C357E2B0152C70059753A /* Gotham-BookItalic.ttf in Resources */,
				B23C357C2B0152C40059753A /* Gotham-Book.ttf in Resources */,
				B23C357D2B0152C70059753A /* Gotham-Medium.ttf in Resources */,
			);
			runOnlyForDeploymentPostprocessing = 0;
		};
/* End PBXResourcesBuildPhase section */

/* Begin PBXSourcesBuildPhase section */
		B2F61A3F2AEB677D00A982B6 /* Sources */ = {
			isa = PBXSourcesBuildPhase;
			buildActionMask = 2147483647;
			files = (
				B2F61A702AEB75FF00A982B6 /* LoginScreen.swift in Sources */,
				B2F61A552AEB693200A982B6 /* HomeScreen.swift in Sources */,
				B2AB350D2AFDBC4400945A1F /* Encodable.swift in Sources */,
				B2AB350F2AFDC6F300945A1F /* URL.swift in Sources */,
				B23C35642AFEC3D30059753A /* SwiftDataProvider.swift in Sources */,
				B23C35862B015BCA0059753A /* UserSubscription.swift in Sources */,
				B2F61A7C2AEB8BFB00A982B6 /* Date.swift in Sources */,
				B2F61A792AEB878500A982B6 /* User.swift in Sources */,
				B2F61A742AEB849500A982B6 /* Router.swift in Sources */,
				B23C35842B0158560059753A /* HomeTitleStack.swift in Sources */,
				B23C35662B0144FD0059753A /* Color.swift in Sources */,
				B2AB34FF2AFD928A00945A1F /* NetworkingService.swift in Sources */,
				B23C35792B014DF00059753A /* RoundedBorderedImageModifier.swift in Sources */,
				B23C358A2B015E1A0059753A /* UserSubscriptionResponse.swift in Sources */,
				B2AB35042AFD97E100945A1F /* UserAGModel.swift in Sources */,
				B23C35612AFEAAF90059753A /* KeanuAuthRequest.swift in Sources */,
				B23C35802B0153610059753A /* NavArrow.swift in Sources */,
				B23C35762B014CC60059753A /* BasicButtonStyle.swift in Sources */,
				B23C35682B01453A0059753A /* Font.swift in Sources */,
				B2F61A722AEB7A7D00A982B6 /* MasterView.swift in Sources */,
				B2F61A472AEB677D00A982B6 /* TCAPasskitApp.swift in Sources */,
				B23C35722B0148B20059753A /* ShowError.swift in Sources */,
				B2F61AAB2AEC2C9100A982B6 /* KeanuAuth.swift in Sources */,
			);
			runOnlyForDeploymentPostprocessing = 0;
		};
/* End PBXSourcesBuildPhase section */

/* Begin XCBuildConfiguration section */
		B2F61A4F2AEB677F00A982B6 /* Debug */ = {
			isa = XCBuildConfiguration;
			buildSettings = {
				ALWAYS_SEARCH_USER_PATHS = NO;
				ASSETCATALOG_COMPILER_GENERATE_SWIFT_ASSET_SYMBOL_EXTENSIONS = YES;
				CLANG_ANALYZER_NONNULL = YES;
				CLANG_ANALYZER_NUMBER_OBJECT_CONVERSION = YES_AGGRESSIVE;
				CLANG_CXX_LANGUAGE_STANDARD = "gnu++20";
				CLANG_ENABLE_MODULES = YES;
				CLANG_ENABLE_OBJC_ARC = YES;
				CLANG_ENABLE_OBJC_WEAK = YES;
				CLANG_WARN_BLOCK_CAPTURE_AUTORELEASING = YES;
				CLANG_WARN_BOOL_CONVERSION = YES;
				CLANG_WARN_COMMA = YES;
				CLANG_WARN_CONSTANT_CONVERSION = YES;
				CLANG_WARN_DEPRECATED_OBJC_IMPLEMENTATIONS = YES;
				CLANG_WARN_DIRECT_OBJC_ISA_USAGE = YES_ERROR;
				CLANG_WARN_DOCUMENTATION_COMMENTS = YES;
				CLANG_WARN_EMPTY_BODY = YES;
				CLANG_WARN_ENUM_CONVERSION = YES;
				CLANG_WARN_INFINITE_RECURSION = YES;
				CLANG_WARN_INT_CONVERSION = YES;
				CLANG_WARN_NON_LITERAL_NULL_CONVERSION = YES;
				CLANG_WARN_OBJC_IMPLICIT_RETAIN_SELF = YES;
				CLANG_WARN_OBJC_LITERAL_CONVERSION = YES;
				CLANG_WARN_OBJC_ROOT_CLASS = YES_ERROR;
				CLANG_WARN_QUOTED_INCLUDE_IN_FRAMEWORK_HEADER = YES;
				CLANG_WARN_RANGE_LOOP_ANALYSIS = YES;
				CLANG_WARN_STRICT_PROTOTYPES = YES;
				CLANG_WARN_SUSPICIOUS_MOVE = YES;
				CLANG_WARN_UNGUARDED_AVAILABILITY = YES_AGGRESSIVE;
				CLANG_WARN_UNREACHABLE_CODE = YES;
				CLANG_WARN__DUPLICATE_METHOD_MATCH = YES;
				COPY_PHASE_STRIP = NO;
				DEBUG_INFORMATION_FORMAT = dwarf;
				ENABLE_STRICT_OBJC_MSGSEND = YES;
				ENABLE_TESTABILITY = YES;
				ENABLE_USER_SCRIPT_SANDBOXING = YES;
				GCC_C_LANGUAGE_STANDARD = gnu17;
				GCC_DYNAMIC_NO_PIC = NO;
				GCC_NO_COMMON_BLOCKS = YES;
				GCC_OPTIMIZATION_LEVEL = 0;
				GCC_PREPROCESSOR_DEFINITIONS = (
					"DEBUG=1",
					"$(inherited)",
				);
				GCC_WARN_64_TO_32_BIT_CONVERSION = YES;
				GCC_WARN_ABOUT_RETURN_TYPE = YES_ERROR;
				GCC_WARN_UNDECLARED_SELECTOR = YES;
				GCC_WARN_UNINITIALIZED_AUTOS = YES_AGGRESSIVE;
				GCC_WARN_UNUSED_FUNCTION = YES;
				GCC_WARN_UNUSED_VARIABLE = YES;
				IPHONEOS_DEPLOYMENT_TARGET = 17.0;
				LOCALIZATION_PREFERS_STRING_CATALOGS = YES;
				MTL_ENABLE_DEBUG_INFO = INCLUDE_SOURCE;
				MTL_FAST_MATH = YES;
				ONLY_ACTIVE_ARCH = YES;
				SDKROOT = iphoneos;
				SWIFT_ACTIVE_COMPILATION_CONDITIONS = "DEBUG $(inherited)";
				SWIFT_OPTIMIZATION_LEVEL = "-Onone";
			};
			name = Debug;
		};
		B2F61A502AEB677F00A982B6 /* Release */ = {
			isa = XCBuildConfiguration;
			buildSettings = {
				ALWAYS_SEARCH_USER_PATHS = NO;
				ASSETCATALOG_COMPILER_GENERATE_SWIFT_ASSET_SYMBOL_EXTENSIONS = YES;
				CLANG_ANALYZER_NONNULL = YES;
				CLANG_ANALYZER_NUMBER_OBJECT_CONVERSION = YES_AGGRESSIVE;
				CLANG_CXX_LANGUAGE_STANDARD = "gnu++20";
				CLANG_ENABLE_MODULES = YES;
				CLANG_ENABLE_OBJC_ARC = YES;
				CLANG_ENABLE_OBJC_WEAK = YES;
				CLANG_WARN_BLOCK_CAPTURE_AUTORELEASING = YES;
				CLANG_WARN_BOOL_CONVERSION = YES;
				CLANG_WARN_COMMA = YES;
				CLANG_WARN_CONSTANT_CONVERSION = YES;
				CLANG_WARN_DEPRECATED_OBJC_IMPLEMENTATIONS = YES;
				CLANG_WARN_DIRECT_OBJC_ISA_USAGE = YES_ERROR;
				CLANG_WARN_DOCUMENTATION_COMMENTS = YES;
				CLANG_WARN_EMPTY_BODY = YES;
				CLANG_WARN_ENUM_CONVERSION = YES;
				CLANG_WARN_INFINITE_RECURSION = YES;
				CLANG_WARN_INT_CONVERSION = YES;
				CLANG_WARN_NON_LITERAL_NULL_CONVERSION = YES;
				CLANG_WARN_OBJC_IMPLICIT_RETAIN_SELF = YES;
				CLANG_WARN_OBJC_LITERAL_CONVERSION = YES;
				CLANG_WARN_OBJC_ROOT_CLASS = YES_ERROR;
				CLANG_WARN_QUOTED_INCLUDE_IN_FRAMEWORK_HEADER = YES;
				CLANG_WARN_RANGE_LOOP_ANALYSIS = YES;
				CLANG_WARN_STRICT_PROTOTYPES = YES;
				CLANG_WARN_SUSPICIOUS_MOVE = YES;
				CLANG_WARN_UNGUARDED_AVAILABILITY = YES_AGGRESSIVE;
				CLANG_WARN_UNREACHABLE_CODE = YES;
				CLANG_WARN__DUPLICATE_METHOD_MATCH = YES;
				COPY_PHASE_STRIP = NO;
				DEBUG_INFORMATION_FORMAT = "dwarf-with-dsym";
				ENABLE_NS_ASSERTIONS = NO;
				ENABLE_STRICT_OBJC_MSGSEND = YES;
				ENABLE_USER_SCRIPT_SANDBOXING = YES;
				GCC_C_LANGUAGE_STANDARD = gnu17;
				GCC_NO_COMMON_BLOCKS = YES;
				GCC_WARN_64_TO_32_BIT_CONVERSION = YES;
				GCC_WARN_ABOUT_RETURN_TYPE = YES_ERROR;
				GCC_WARN_UNDECLARED_SELECTOR = YES;
				GCC_WARN_UNINITIALIZED_AUTOS = YES_AGGRESSIVE;
				GCC_WARN_UNUSED_FUNCTION = YES;
				GCC_WARN_UNUSED_VARIABLE = YES;
				IPHONEOS_DEPLOYMENT_TARGET = 17.0;
				LOCALIZATION_PREFERS_STRING_CATALOGS = YES;
				MTL_ENABLE_DEBUG_INFO = NO;
				MTL_FAST_MATH = YES;
				SDKROOT = iphoneos;
				SWIFT_COMPILATION_MODE = wholemodule;
				VALIDATE_PRODUCT = YES;
			};
			name = Release;
		};
		B2F61A522AEB677F00A982B6 /* Debug */ = {
			isa = XCBuildConfiguration;
			buildSettings = {
				ASSETCATALOG_COMPILER_APPICON_NAME = AppIcon;
				ASSETCATALOG_COMPILER_GLOBAL_ACCENT_COLOR_NAME = AccentColor;
				CODE_SIGN_STYLE = Automatic;
				CURRENT_PROJECT_VERSION = 1;
				DEBUG_INFORMATION_FORMAT = "dwarf-with-dsym";
				DEVELOPMENT_TEAM = YLC373GKJ8;
				ENABLE_PREVIEWS = YES;
				GENERATE_INFOPLIST_FILE = YES;
				INFOPLIST_FILE = TCAPasskit/Info.plist;
				INFOPLIST_KEY_UIApplicationSceneManifest_Generation = YES;
				INFOPLIST_KEY_UIApplicationSupportsIndirectInputEvents = YES;
				INFOPLIST_KEY_UILaunchScreen_Generation = YES;
				INFOPLIST_KEY_UISupportedInterfaceOrientations_iPad = "UIInterfaceOrientationPortrait UIInterfaceOrientationPortraitUpsideDown UIInterfaceOrientationLandscapeLeft UIInterfaceOrientationLandscapeRight";
				INFOPLIST_KEY_UISupportedInterfaceOrientations_iPhone = "UIInterfaceOrientationPortrait UIInterfaceOrientationLandscapeLeft UIInterfaceOrientationLandscapeRight";
				LD_RUNPATH_SEARCH_PATHS = (
					"$(inherited)",
					"@executable_path/Frameworks",
				);
				MARKETING_VERSION = 1.0;
				PRODUCT_BUNDLE_IDENTIFIER = co.moocow.TCAPasskit;
				PRODUCT_NAME = "$(TARGET_NAME)";
				SWIFT_EMIT_LOC_STRINGS = YES;
				SWIFT_VERSION = 5.0;
				TARGETED_DEVICE_FAMILY = "1,2";
			};
			name = Debug;
		};
		B2F61A532AEB677F00A982B6 /* Release */ = {
			isa = XCBuildConfiguration;
			buildSettings = {
				ASSETCATALOG_COMPILER_APPICON_NAME = AppIcon;
				ASSETCATALOG_COMPILER_GLOBAL_ACCENT_COLOR_NAME = AccentColor;
				CODE_SIGN_STYLE = Automatic;
				CURRENT_PROJECT_VERSION = 1;
				DEVELOPMENT_TEAM = YLC373GKJ8;
				ENABLE_PREVIEWS = YES;
				GENERATE_INFOPLIST_FILE = YES;
				INFOPLIST_FILE = TCAPasskit/Info.plist;
				INFOPLIST_KEY_UIApplicationSceneManifest_Generation = YES;
				INFOPLIST_KEY_UIApplicationSupportsIndirectInputEvents = YES;
				INFOPLIST_KEY_UILaunchScreen_Generation = YES;
				INFOPLIST_KEY_UISupportedInterfaceOrientations_iPad = "UIInterfaceOrientationPortrait UIInterfaceOrientationPortraitUpsideDown UIInterfaceOrientationLandscapeLeft UIInterfaceOrientationLandscapeRight";
				INFOPLIST_KEY_UISupportedInterfaceOrientations_iPhone = "UIInterfaceOrientationPortrait UIInterfaceOrientationLandscapeLeft UIInterfaceOrientationLandscapeRight";
				LD_RUNPATH_SEARCH_PATHS = (
					"$(inherited)",
					"@executable_path/Frameworks",
				);
				MARKETING_VERSION = 1.0;
				PRODUCT_BUNDLE_IDENTIFIER = co.moocow.TCAPasskit;
				PRODUCT_NAME = "$(TARGET_NAME)";
				SWIFT_EMIT_LOC_STRINGS = YES;
				SWIFT_VERSION = 5.0;
				TARGETED_DEVICE_FAMILY = "1,2";
			};
			name = Release;
		};
/* End XCBuildConfiguration section */

/* Begin XCConfigurationList section */
		B2F61A3E2AEB677D00A982B6 /* Build configuration list for PBXProject "TCAPasskit" */ = {
			isa = XCConfigurationList;
			buildConfigurations = (
				B2F61A4F2AEB677F00A982B6 /* Debug */,
				B2F61A502AEB677F00A982B6 /* Release */,
			);
			defaultConfigurationIsVisible = 0;
			defaultConfigurationName = Release;
		};
		B2F61A512AEB677F00A982B6 /* Build configuration list for PBXNativeTarget "TCAPasskit" */ = {
			isa = XCConfigurationList;
			buildConfigurations = (
				B2F61A522AEB677F00A982B6 /* Debug */,
				B2F61A532AEB677F00A982B6 /* Release */,
			);
			defaultConfigurationIsVisible = 0;
			defaultConfigurationName = Release;
		};
/* End XCConfigurationList section */

/* Begin XCRemoteSwiftPackageReference section */
		B2F61A832AEC16E600A982B6 /* XCRemoteSwiftPackageReference "firebase-ios-sdk" */ = {
			isa = XCRemoteSwiftPackageReference;
			repositoryURL = "https://github.com/firebase/firebase-ios-sdk.git";
			requirement = {
				kind = upToNextMajorVersion;
				minimumVersion = 10.16.0;
			};
		};
/* End XCRemoteSwiftPackageReference section */

/* Begin XCSwiftPackageProductDependency section */
		B2F61A842AEC16E600A982B6 /* FirebaseAnalytics */ = {
			isa = XCSwiftPackageProductDependency;
			package = B2F61A832AEC16E600A982B6 /* XCRemoteSwiftPackageReference "firebase-ios-sdk" */;
			productName = FirebaseAnalytics;
		};
		B2F61A862AEC16E600A982B6 /* FirebaseAnalyticsOnDeviceConversion */ = {
			isa = XCSwiftPackageProductDependency;
			package = B2F61A832AEC16E600A982B6 /* XCRemoteSwiftPackageReference "firebase-ios-sdk" */;
			productName = FirebaseAnalyticsOnDeviceConversion;
		};
		B2F61A882AEC16E600A982B6 /* FirebaseAnalyticsSwift */ = {
			isa = XCSwiftPackageProductDependency;
			package = B2F61A832AEC16E600A982B6 /* XCRemoteSwiftPackageReference "firebase-ios-sdk" */;
			productName = FirebaseAnalyticsSwift;
		};
		B2F61A8A2AEC16E600A982B6 /* FirebaseAnalyticsWithoutAdIdSupport */ = {
			isa = XCSwiftPackageProductDependency;
			package = B2F61A832AEC16E600A982B6 /* XCRemoteSwiftPackageReference "firebase-ios-sdk" */;
			productName = FirebaseAnalyticsWithoutAdIdSupport;
		};
		B2F61A8C2AEC16E600A982B6 /* FirebaseAppCheck */ = {
			isa = XCSwiftPackageProductDependency;
			package = B2F61A832AEC16E600A982B6 /* XCRemoteSwiftPackageReference "firebase-ios-sdk" */;
			productName = FirebaseAppCheck;
		};
		B2F61A8E2AEC16E600A982B6 /* FirebaseAppDistribution-Beta */ = {
			isa = XCSwiftPackageProductDependency;
			package = B2F61A832AEC16E600A982B6 /* XCRemoteSwiftPackageReference "firebase-ios-sdk" */;
			productName = "FirebaseAppDistribution-Beta";
		};
		B2F61A902AEC16E600A982B6 /* FirebaseAuth */ = {
			isa = XCSwiftPackageProductDependency;
			package = B2F61A832AEC16E600A982B6 /* XCRemoteSwiftPackageReference "firebase-ios-sdk" */;
			productName = FirebaseAuth;
		};
		B2F61A922AEC16E600A982B6 /* FirebaseAuthCombine-Community */ = {
			isa = XCSwiftPackageProductDependency;
			package = B2F61A832AEC16E600A982B6 /* XCRemoteSwiftPackageReference "firebase-ios-sdk" */;
			productName = "FirebaseAuthCombine-Community";
		};
		B2F61A942AEC16E600A982B6 /* FirebaseCrashlytics */ = {
			isa = XCSwiftPackageProductDependency;
			package = B2F61A832AEC16E600A982B6 /* XCRemoteSwiftPackageReference "firebase-ios-sdk" */;
			productName = FirebaseCrashlytics;
		};
		B2F61A962AEC16E600A982B6 /* FirebaseDatabase */ = {
			isa = XCSwiftPackageProductDependency;
			package = B2F61A832AEC16E600A982B6 /* XCRemoteSwiftPackageReference "firebase-ios-sdk" */;
			productName = FirebaseDatabase;
		};
		B2F61A982AEC16E600A982B6 /* FirebaseDatabaseSwift */ = {
			isa = XCSwiftPackageProductDependency;
			package = B2F61A832AEC16E600A982B6 /* XCRemoteSwiftPackageReference "firebase-ios-sdk" */;
			productName = FirebaseDatabaseSwift;
		};
		B2F61A9A2AEC16E600A982B6 /* FirebaseDynamicLinks */ = {
			isa = XCSwiftPackageProductDependency;
			package = B2F61A832AEC16E600A982B6 /* XCRemoteSwiftPackageReference "firebase-ios-sdk" */;
			productName = FirebaseDynamicLinks;
		};
		B2F61A9C2AEC16E600A982B6 /* FirebaseFirestore */ = {
			isa = XCSwiftPackageProductDependency;
			package = B2F61A832AEC16E600A982B6 /* XCRemoteSwiftPackageReference "firebase-ios-sdk" */;
			productName = FirebaseFirestore;
		};
		B2F61A9E2AEC16E600A982B6 /* FirebaseFirestoreCombine-Community */ = {
			isa = XCSwiftPackageProductDependency;
			package = B2F61A832AEC16E600A982B6 /* XCRemoteSwiftPackageReference "firebase-ios-sdk" */;
			productName = "FirebaseFirestoreCombine-Community";
		};
		B2F61AA02AEC16E600A982B6 /* FirebaseFirestoreSwift */ = {
			isa = XCSwiftPackageProductDependency;
			package = B2F61A832AEC16E600A982B6 /* XCRemoteSwiftPackageReference "firebase-ios-sdk" */;
			productName = FirebaseFirestoreSwift;
		};
		B2F61AA22AEC16E600A982B6 /* FirebaseFunctions */ = {
			isa = XCSwiftPackageProductDependency;
			package = B2F61A832AEC16E600A982B6 /* XCRemoteSwiftPackageReference "firebase-ios-sdk" */;
			productName = FirebaseFunctions;
		};
/* End XCSwiftPackageProductDependency section */
	};
	rootObject = B2F61A3B2AEB677D00A982B6 /* Project object */;
}
